
Microsoft Visual Studio Solution File, Format Version 12.00
# Visual Studio 15
VisualStudioVersion = 15.0.28307.168
MinimumVisualStudioVersion = 10.0.40219.1
Project("{9A19103F-16F7-4668-BE54-9A1E7A4F7556}") = "Api1", "Api1\Api1.csproj", "{1F8E09B6-2841-4C74-8EF4-5D9F09019134}"
EndProject
Project("{9A19103F-16F7-4668-BE54-9A1E7A4F7556}") = "Api2", "Api2\Api2.csproj", "{FCAA24BA-842D-47EF-8272-CC2442F80F80}"
EndProject
Project("{9A19103F-16F7-4668-BE54-9A1E7A4F7556}") = "Application", "Application\Application.csproj", "{78F625EB-217B-4255-8BF8-CED639D7C535}"
EndProject
Project("{9A19103F-16F7-4668-BE54-9A1E7A4F7556}") = "IoC", "IoC\IoC.csproj", "{C604D73A-A532-4132-8A73-BA99C296EF5F}"
EndProject
Project("{2150E333-8FDC-42A3-9474-1A3956D46DE8}") = "FirstApi", "FirstApi", "{DC4F55CF-F2B2-4704-AFB5-6FC1D664CE77}"
EndProject
Project("{2150E333-8FDC-42A3-9474-1A3956D46DE8}") = "SecondApi", "SecondApi", "{50BA58A7-2545-4939-BBF2-CF0740C3D448}"
EndProject
Project("{9A19103F-16F7-4668-BE54-9A1E7A4F7556}") = "Api2.Tests", "Api2.Tests\Api2.Tests.csproj", "{06ABD967-48B3-417A-9EFB-0C174468D61D}"
EndProject
Global
	GlobalSection(SolutionConfigurationPlatforms) = preSolution
		Debug|Any CPU = Debug|Any CPU
		Release|Any CPU = Release|Any CPU
	EndGlobalSection
	GlobalSection(ProjectConfigurationPlatforms) = postSolution
		{1F8E09B6-2841-4C74-8EF4-5D9F09019134}.Debug|Any CPU.ActiveCfg = Debug|Any CPU
		{1F8E09B6-2841-4C74-8EF4-5D9F09019134}.Debug|Any CPU.Build.0 = Debug|Any CPU
		{1F8E09B6-2841-4C74-8EF4-5D9F09019134}.Release|Any CPU.ActiveCfg = Release|Any CPU
		{1F8E09B6-2841-4C74-8EF4-5D9F09019134}.Release|Any CPU.Build.0 = Release|Any CPU
		{FCAA24BA-842D-47EF-8272-CC2442F80F80}.Debug|Any CPU.ActiveCfg = Debug|Any CPU
		{FCAA24BA-842D-47EF-8272-CC2442F80F80}.Debug|Any CPU.Build.0 = Debug|Any CPU
		{FCAA24BA-842D-47EF-8272-CC2442F80F80}.Release|Any CPU.ActiveCfg = Release|Any CPU
		{FCAA24BA-842D-47EF-8272-CC2442F80F80}.Release|Any CPU.Build.0 = Release|Any CPU
		{78F625EB-217B-4255-8BF8-CED639D7C535}.Debug|Any CPU.ActiveCfg = Debug|Any CPU
		{78F625EB-217B-4255-8BF8-CED639D7C535}.Debug|Any CPU.Build.0 = Debug|Any CPU
		{78F625EB-217B-4255-8BF8-CED639D7C535}.Release|Any CPU.ActiveCfg = Release|Any CPU
		{78F625EB-217B-4255-8BF8-CED639D7C535}.Release|Any CPU.Build.0 = Release|Any CPU
		{C604D73A-A532-4132-8A73-BA99C296EF5F}.Debug|Any CPU.ActiveCfg = Debug|Any CPU
		{C604D73A-A532-4132-8A73-BA99C296EF5F}.Debug|Any CPU.Build.0 = Debug|Any CPU
		{C604D73A-A532-4132-8A73-BA99C296EF5F}.Release|Any CPU.ActiveCfg = Release|Any CPU
		{C604D73A-A532-4132-8A73-BA99C296EF5F}.Release|Any CPU.Build.0 = Release|Any CPU
		{06ABD967-48B3-417A-9EFB-0C174468D61D}.Debug|Any CPU.ActiveCfg = Debug|Any CPU
		{06ABD967-48B3-417A-9EFB-0C174468D61D}.Debug|Any CPU.Build.0 = Debug|Any CPU
		{06ABD967-48B3-417A-9EFB-0C174468D61D}.Release|Any CPU.ActiveCfg = Release|Any CPU
		{06ABD967-48B3-417A-9EFB-0C174468D61D}.Release|Any CPU.Build.0 = Release|Any CPU
	EndGlobalSection
	GlobalSection(SolutionProperties) = preSolution
		HideSolutionNode = FALSE
	EndGlobalSection
	GlobalSection(NestedProjects) = preSolution
		{1F8E09B6-2841-4C74-8EF4-5D9F09019134} = {DC4F55CF-F2B2-4704-AFB5-6FC1D664CE77}
		{FCAA24BA-842D-47EF-8272-CC2442F80F80} = {50BA58A7-2545-4939-BBF2-CF0740C3D448}
		{78F625EB-217B-4255-8BF8-CED639D7C535} = {50BA58A7-2545-4939-BBF2-CF0740C3D448}
		{C604D73A-A532-4132-8A73-BA99C296EF5F} = {50BA58A7-2545-4939-BBF2-CF0740C3D448}
		{06ABD967-48B3-417A-9EFB-0C174468D61D} = {50BA58A7-2545-4939-BBF2-CF0740C3D448}
	EndGlobalSection
	GlobalSection(ExtensibilityGlobals) = postSolution
		SolutionGuid = {AF3800BB-6BC3-4162-89E0-908BB6D2B364}
	EndGlobalSection
EndGlobal
