
Microsoft Visual Studio Solution File, Format Version 12.00
# Visual Studio 15
VisualStudioVersion = 15.0.28307.168
MinimumVisualStudioVersion = 10.0.40219.1
Project("{FAE04EC0-301F-11D3-BF4B-00C04F79EFBC}") = "DesafioTecnico", "DesafioTecnico\DesafioTecnico.csproj", "{FE44F862-7246-4CF6-A901-E2A7FA80D993}"
EndProject
Global
	GlobalSection(SolutionConfigurationPlatforms) = preSolution
		Debug|Any CPU = Debug|Any CPU
		Release|Any CPU = Release|Any CPU
	EndGlobalSection
	GlobalSection(ProjectConfigurationPlatforms) = postSolution
		{FE44F862-7246-4CF6-A901-E2A7FA80D993}.Debug|Any CPU.ActiveCfg = Debug|Any CPU
		{FE44F862-7246-4CF6-A901-E2A7FA80D993}.Debug|Any CPU.Build.0 = Debug|Any CPU
		{FE44F862-7246-4CF6-A901-E2A7FA80D993}.Release|Any CPU.ActiveCfg = Release|Any CPU
		{FE44F862-7246-4CF6-A901-E2A7FA80D993}.Release|Any CPU.Build.0 = Release|Any CPU
	EndGlobalSection
	GlobalSection(SolutionProperties) = preSolution
		HideSolutionNode = FALSE
	EndGlobalSection
	GlobalSection(ExtensibilityGlobals) = postSolution
		SolutionGuid = {AF3800BB-6BC3-4162-89E0-908BB6D2B364}
	EndGlobalSection
EndGlobal
